
Microsoft Visual Studio Solution File, Format Version 12.00
# Visual Studio Version 16
VisualStudioVersion = 16.0.28803.452
MinimumVisualStudioVersion = 10.0.40219.1
Project("{FAE04EC0-301F-11D3-BF4B-00C04F79EFBC}") = "HmWrk3 Tekst", "HmWrk3 Tekst\HmWrk3 Tekst.csproj", "{32C08200-FE14-4622-9143-2101BE9DA53A}"
EndProject
Global
	GlobalSection(SolutionConfigurationPlatforms) = preSolution
		Debug|Any CPU = Debug|Any CPU
		Release|Any CPU = Release|Any CPU
	EndGlobalSection
	GlobalSection(ProjectConfigurationPlatforms) = postSolution
		{32C08200-FE14-4622-9143-2101BE9DA53A}.Debug|Any CPU.ActiveCfg = Debug|Any CPU
		{32C08200-FE14-4622-9143-2101BE9DA53A}.Debug|Any CPU.Build.0 = Debug|Any CPU
		{32C08200-FE14-4622-9143-2101BE9DA53A}.Release|Any CPU.ActiveCfg = Release|Any CPU
		{32C08200-FE14-4622-9143-2101BE9DA53A}.Release|Any CPU.Build.0 = Release|Any CPU
	EndGlobalSection
	GlobalSection(SolutionProperties) = preSolution
		HideSolutionNode = FALSE
	EndGlobalSection
	GlobalSection(ExtensibilityGlobals) = postSolution
		SolutionGuid = {C26910A2-09C6-450F-8144-9F63C23DBA6C}
	EndGlobalSection
EndGlobal
